
Microsoft Visual Studio Solution File, Format Version 12.00
# Visual Studio Version 17
VisualStudioVersion = 17.0.31903.59
MinimumVisualStudioVersion = 10.0.40219.1
Project("{FAE04EC0-301F-11D3-BF4B-00C04F79EFBC}") = "Thronefall.Engine", "Thronefall.Engine\Thronefall.Engine.csproj", "{4508182D-86DA-4E04-8E3D-F27FD847D9B2}"
EndProject
Project("{FAE04EC0-301F-11D3-BF4B-00C04F79EFBC}") = "Thronefall.Engine.Tests", "Thronefall.Engine.Tests\Thronefall.Engine.Tests.csproj", "{6436FEE6-6E2A-4F0F-945D-EB156CD2C156}"
EndProject
Project("{FAE04EC0-301F-11D3-BF4B-00C04F79EFBC}") = "Thronefall.Api", "Thronefall.Api\Thronefall.Api.csproj", "{4491AEDB-9E3E-4A07-BE70-85412035DD4D}"
EndProject
Project("{FAE04EC0-301F-11D3-BF4B-00C04F79EFBC}") = "Thronefall.PositionalEngine", "Thronefall.PositionalEngine\Thronefall.PositionalEngine.csproj", "{78B978D4-D058-43BC-B2CA-8E7F5B30CAFD}"
EndProject
Project("{FAE04EC0-301F-11D3-BF4B-00C04F79EFBC}") = "Thronefall.PositionalEngine.Tests", "Thronefall.PositionalEngine.Tests\Thronefall.PositionalEngine.Tests.csproj", "{34474525-FF7D-479E-8372-4DA097A03056}"
EndProject
Global
	GlobalSection(SolutionConfigurationPlatforms) = preSolution
		Debug|Any CPU = Debug|Any CPU
		Release|Any CPU = Release|Any CPU
	EndGlobalSection
	GlobalSection(SolutionProperties) = preSolution
		HideSolutionNode = FALSE
	EndGlobalSection
	GlobalSection(ProjectConfigurationPlatforms) = postSolution
		{4508182D-86DA-4E04-8E3D-F27FD847D9B2}.Debug|Any CPU.ActiveCfg = Debug|Any CPU
		{4508182D-86DA-4E04-8E3D-F27FD847D9B2}.Debug|Any CPU.Build.0 = Debug|Any CPU
		{4508182D-86DA-4E04-8E3D-F27FD847D9B2}.Release|Any CPU.ActiveCfg = Release|Any CPU
		{4508182D-86DA-4E04-8E3D-F27FD847D9B2}.Release|Any CPU.Build.0 = Release|Any CPU
		{6436FEE6-6E2A-4F0F-945D-EB156CD2C156}.Debug|Any CPU.ActiveCfg = Debug|Any CPU
		{6436FEE6-6E2A-4F0F-945D-EB156CD2C156}.Debug|Any CPU.Build.0 = Debug|Any CPU
		{6436FEE6-6E2A-4F0F-945D-EB156CD2C156}.Release|Any CPU.ActiveCfg = Release|Any CPU
		{6436FEE6-6E2A-4F0F-945D-EB156CD2C156}.Release|Any CPU.Build.0 = Release|Any CPU
		{4491AEDB-9E3E-4A07-BE70-85412035DD4D}.Debug|Any CPU.ActiveCfg = Debug|Any CPU
		{4491AEDB-9E3E-4A07-BE70-85412035DD4D}.Debug|Any CPU.Build.0 = Debug|Any CPU
		{4491AEDB-9E3E-4A07-BE70-85412035DD4D}.Release|Any CPU.ActiveCfg = Release|Any CPU
		{4491AEDB-9E3E-4A07-BE70-85412035DD4D}.Release|Any CPU.Build.0 = Release|Any CPU
		{78B978D4-D058-43BC-B2CA-8E7F5B30CAFD}.Debug|Any CPU.ActiveCfg = Debug|Any CPU
		{78B978D4-D058-43BC-B2CA-8E7F5B30CAFD}.Debug|Any CPU.Build.0 = Debug|Any CPU
		{78B978D4-D058-43BC-B2CA-8E7F5B30CAFD}.Release|Any CPU.ActiveCfg = Release|Any CPU
		{78B978D4-D058-43BC-B2CA-8E7F5B30CAFD}.Release|Any CPU.Build.0 = Release|Any CPU
		{34474525-FF7D-479E-8372-4DA097A03056}.Debug|Any CPU.ActiveCfg = Debug|Any CPU
		{34474525-FF7D-479E-8372-4DA097A03056}.Debug|Any CPU.Build.0 = Debug|Any CPU
		{34474525-FF7D-479E-8372-4DA097A03056}.Release|Any CPU.ActiveCfg = Release|Any CPU
		{34474525-FF7D-479E-8372-4DA097A03056}.Release|Any CPU.Build.0 = Release|Any CPU
	EndGlobalSection
EndGlobal
